{
  "nodes": {
    "copilot_chat": {
      "flake": false,
      "locked": {
        "lastModified": 1705702173,
        "narHash": "sha256-1y2uNf9PpdDkEnUf2kmQ3/qjcU0F6zPetvrawsHkyys=",
        "owner": "gptlang",
        "repo": "CopilotChat.nvim",
        "rev": "2a6b2fcf5bb70b2aba9926b19afb88bc461165c0",
        "type": "github"
      },
      "original": {
        "owner": "gptlang",
        "repo": "CopilotChat.nvim",
        "type": "github"
      }
    },
    "flake-compat": {
      "flake": false,
      "locked": {
        "lastModified": 1650374568,
        "narHash": "sha256-Z+s0J8/r907g149rllvwhb4pKi8Wam5ij0st8PwAh+E=",
        "owner": "edolstra",
        "repo": "flake-compat",
        "rev": "b4a34015c698c7793d592d66adbab377907a2be8",
        "type": "github"
      },
      "original": {
        "owner": "edolstra",
        "repo": "flake-compat",
        "type": "github"
      }
    },
    "flake-utils": {
      "inputs": {
        "systems": "systems"
      },
      "locked": {
        "lastModified": 1705309234,
        "narHash": "sha256-uNRRNRKmJyCRC/8y1RqBkqWBLM034y4qN7EprSdmgyA=",
        "owner": "numtide",
        "repo": "flake-utils",
        "rev": "1ef2e671c3b0c19053962c07dbda38332dcebf26",
        "type": "github"
      },
      "original": {
        "owner": "numtide",
        "repo": "flake-utils",
        "type": "github"
      }
    },
    "flake-utils_2": {
      "locked": {
        "lastModified": 1656928814,
        "narHash": "sha256-RIFfgBuKz6Hp89yRr7+NR5tzIAbn52h8vT6vXkYjZoM=",
        "owner": "numtide",
        "repo": "flake-utils",
        "rev": "7e2a3b3dfd9af950a856d66b0a7d01e3c18aa249",
        "type": "github"
      },
      "original": {
        "owner": "numtide",
        "repo": "flake-utils",
        "type": "github"
      }
    },
    "nixpkgs": {
      "locked": {
        "lastModified": 1706006310,
        "narHash": "sha256-nDPz0fj0IFcDhSTlXBU2aixcnGs2Jm4Zcuoj0QtmiXQ=",
        "owner": "nixos",
        "repo": "nixpkgs",
        "rev": "b43bb235efeab5324c5e486882ef46749188eee2",
        "type": "github"
      },
      "original": {
        "owner": "nixos",
        "ref": "nixpkgs-unstable",
        "repo": "nixpkgs",
        "type": "github"
      }
    },
    "nixpkgs_2": {
      "locked": {
        "lastModified": 1659190188,
        "narHash": "sha256-LudYrDFPFaQMW0l68TYkPWRPKmqpxIFU1nWfylIp9AQ=",
        "owner": "NixOS",
        "repo": "nixpkgs",
        "rev": "a3fddd46a7f3418d7e3940ded94701aba569161d",
        "type": "github"
      },
      "original": {
        "owner": "NixOS",
        "ref": "nixpkgs-unstable",
        "repo": "nixpkgs",
        "type": "github"
      }
    },
    "presenting_nvim": {
      "flake": false,
      "locked": {
        "lastModified": 1704386996,
        "narHash": "sha256-dxvatFQXfZDhKnyJ/lIGr6BJuZW6ZS8EpxNZ8i9sRuQ=",
        "owner": "sotte",
        "repo": "presenting.nvim",
        "rev": "a496b33070c96d28ba5be81deb7f1fba80d13de4",
        "type": "github"
      },
      "original": {
        "owner": "sotte",
        "repo": "presenting.nvim",
        "type": "github"
      }
    },
    "root": {
      "inputs": {
        "copilot_chat": "copilot_chat",
        "flake-utils": "flake-utils",
        "nixpkgs": "nixpkgs",
        "presenting_nvim": "presenting_nvim",
        "vim-extra-plugins": "vim-extra-plugins"
      }
    },
    "systems": {
      "locked": {
        "lastModified": 1681028828,
        "narHash": "sha256-Vy1rq5AaRuLzOxct8nz4T6wlgyUR7zLU309k9mBC768=",
        "owner": "nix-systems",
        "repo": "default",
        "rev": "da67096a3b9bf56a91d16901293e51ba5b49a27e",
        "type": "github"
      },
      "original": {
        "owner": "nix-systems",
        "repo": "default",
        "type": "github"
      }
    },
    "vim-extra-plugins": {
      "inputs": {
        "flake-compat": "flake-compat",
        "flake-utils": "flake-utils_2",
        "nixpkgs": "nixpkgs_2"
      },
      "locked": {
        "lastModified": 1706038129,
        "narHash": "sha256-c9+f0qkKh0UxtW5X9NYg5YTfgDAwq0+xkmsXQc4RAU4=",
        "owner": "developing-today-forks",
        "repo": "nixpkgs-vim-extra-plugins",
        "rev": "c88ade292de0a41817db3023f93a6acb670de256",
        "type": "github"
      },
      "original": {
        "owner": "developing-today-forks",
        "repo": "nixpkgs-vim-extra-plugins",
        "type": "github"
      }
    }
  },
  "root": "root",
  "version": 7
}
