{
  "nodes": {
    "bazel_nvim": {
      "flake": false,
      "locked": {
        "lastModified": 1721231454,
        "narHash": "sha256-siGYzPpr6gcksmJ6r1wpgWuLnSBw2bDzgQYLsRFOM+Y=",
        "owner": "peano88",
        "repo": "bazel_nvim",
        "rev": "6704f5fb68c54fa6501427cb9ebaa45e8a87ff56",
        "type": "github"
      },
      "original": {
        "owner": "peano88",
        "repo": "bazel_nvim",
        "type": "github"
      }
    },
    "copilot_chat": {
      "flake": false,
      "locked": {
        "lastModified": 1721230169,
        "narHash": "sha256-b5nWroMGsG4c0S7gGyjA2YfvEGjTn1USSproUYRb1GI=",
        "owner": "CopilotC-Nvim",
        "repo": "CopilotChat.nvim",
        "rev": "27c7be529ad2526c4b3a40879301603bd5878001",
        "type": "github"
      },
      "original": {
        "owner": "CopilotC-Nvim",
        "repo": "CopilotChat.nvim",
        "type": "github"
      }
    },
    "flake-compat": {
      "flake": false,
      "locked": {
        "lastModified": 1650374568,
        "narHash": "sha256-Z+s0J8/r907g149rllvwhb4pKi8Wam5ij0st8PwAh+E=",
        "owner": "edolstra",
        "repo": "flake-compat",
        "rev": "b4a34015c698c7793d592d66adbab377907a2be8",
        "type": "github"
      },
      "original": {
        "owner": "edolstra",
        "repo": "flake-compat",
        "type": "github"
      }
    },
    "flake-utils": {
      "inputs": {
        "systems": "systems"
      },
      "locked": {
        "lastModified": 1710146030,
        "narHash": "sha256-SZ5L6eA7HJ/nmkzGG7/ISclqe6oZdOZTNoesiInkXPQ=",
        "owner": "numtide",
        "repo": "flake-utils",
        "rev": "b1d9ab70662946ef0850d488da1c9019f3a9752a",
        "type": "github"
      },
      "original": {
        "owner": "numtide",
        "repo": "flake-utils",
        "type": "github"
      }
    },
    "flake-utils_2": {
      "locked": {
        "lastModified": 1656928814,
        "narHash": "sha256-RIFfgBuKz6Hp89yRr7+NR5tzIAbn52h8vT6vXkYjZoM=",
        "owner": "numtide",
        "repo": "flake-utils",
        "rev": "7e2a3b3dfd9af950a856d66b0a7d01e3c18aa249",
        "type": "github"
      },
      "original": {
        "owner": "numtide",
        "repo": "flake-utils",
        "type": "github"
      }
    },
    "nixpkgs": {
      "locked": {
        "lastModified": 1721116560,
        "narHash": "sha256-++TYlGMAJM1Q+0nMVaWBSEvEUjRs7ZGiNQOpqbQApCU=",
        "owner": "nixos",
        "repo": "nixpkgs",
        "rev": "9355fa86e6f27422963132c2c9aeedb0fb963d93",
        "type": "github"
      },
      "original": {
        "owner": "nixos",
        "ref": "nixpkgs-unstable",
        "repo": "nixpkgs",
        "type": "github"
      }
    },
    "nixpkgs_2": {
      "locked": {
        "lastModified": 1659190188,
        "narHash": "sha256-LudYrDFPFaQMW0l68TYkPWRPKmqpxIFU1nWfylIp9AQ=",
        "owner": "NixOS",
        "repo": "nixpkgs",
        "rev": "a3fddd46a7f3418d7e3940ded94701aba569161d",
        "type": "github"
      },
      "original": {
        "owner": "NixOS",
        "ref": "nixpkgs-unstable",
        "repo": "nixpkgs",
        "type": "github"
      }
    },
    "presenting_nvim": {
      "flake": false,
      "locked": {
        "lastModified": 1704386996,
        "narHash": "sha256-dxvatFQXfZDhKnyJ/lIGr6BJuZW6ZS8EpxNZ8i9sRuQ=",
        "owner": "sotte",
        "repo": "presenting.nvim",
        "rev": "a496b33070c96d28ba5be81deb7f1fba80d13de4",
        "type": "github"
      },
      "original": {
        "owner": "sotte",
        "repo": "presenting.nvim",
        "type": "github"
      }
    },
    "root": {
      "inputs": {
        "bazel_nvim": "bazel_nvim",
        "copilot_chat": "copilot_chat",
        "flake-utils": "flake-utils",
        "nixpkgs": "nixpkgs",
        "presenting_nvim": "presenting_nvim",
        "vim-extra-plugins": "vim-extra-plugins"
      }
    },
    "systems": {
      "locked": {
        "lastModified": 1681028828,
        "narHash": "sha256-Vy1rq5AaRuLzOxct8nz4T6wlgyUR7zLU309k9mBC768=",
        "owner": "nix-systems",
        "repo": "default",
        "rev": "da67096a3b9bf56a91d16901293e51ba5b49a27e",
        "type": "github"
      },
      "original": {
        "owner": "nix-systems",
        "repo": "default",
        "type": "github"
      }
    },
    "vim-extra-plugins": {
      "inputs": {
        "flake-compat": "flake-compat",
        "flake-utils": "flake-utils_2",
        "nixpkgs": "nixpkgs_2"
      },
      "locked": {
        "lastModified": 1721158123,
        "narHash": "sha256-vuKS21tJaQrjlNO8/dowc2Lkn83WAU773W4iPlfOiUQ=",
        "owner": "developing-today-forks",
        "repo": "nixpkgs-vim-extra-plugins",
        "rev": "39cdbee14bf44a371e9033b45a6a356cd43fb029",
        "type": "github"
      },
      "original": {
        "owner": "developing-today-forks",
        "repo": "nixpkgs-vim-extra-plugins",
        "type": "github"
      }
    }
  },
  "root": "root",
  "version": 7
}
